{
  "originHash" : "ee96d481ec0dd6dd960146bfeaf9237ae340a467e3e96d224ddbb99e1c51bb8a",
  "pins" : [
    {
      "identity" : "sdwebimage",
      "kind" : "remoteSourceControl",
      "location" : "https://github.com/SDWebImage/SDWebImage.git",
      "state" : {
        "revision" : "5191b801aca999b704eb93f118f91468b4570571",
        "version" : "5.19.6"
      }
    },
    {
      "identity" : "sdwebimageswiftui",
      "kind" : "remoteSourceControl",
      "location" : "https://github.com/SDWebImage/SDWebImageSwiftUI.git",
      "state" : {
        "revision" : "5d462f7530677ae0c2b9510c26383aa25ba48751",
        "version" : "3.1.1"
      }
    }
  ],
  "version" : 3
}
